
Microsoft Visual Studio Solution File, Format Version 12.00
# Visual Studio Version 17
VisualStudioVersion = 17.14.36623.8
MinimumVisualStudioVersion = 10.0.40219.1
Project("{FAE04EC0-301F-11D3-BF4B-00C04F79EFBC}") = "icecream", "icecream\icecream.csproj", "{DF3918FD-A331-443D-A74C-FD82BF344921}"
EndProject
Global
	GlobalSection(SolutionConfigurationPlatforms) = preSolution
		Debug|Any CPU = Debug|Any CPU
		Release|Any CPU = Release|Any CPU
	EndGlobalSection
	GlobalSection(ProjectConfigurationPlatforms) = postSolution
		{DF3918FD-A331-443D-A74C-FD82BF344921}.Debug|Any CPU.ActiveCfg = Debug|Any CPU
		{DF3918FD-A331-443D-A74C-FD82BF344921}.Debug|Any CPU.Build.0 = Debug|Any CPU
		{DF3918FD-A331-443D-A74C-FD82BF344921}.Release|Any CPU.ActiveCfg = Release|Any CPU
		{DF3918FD-A331-443D-A74C-FD82BF344921}.Release|Any CPU.Build.0 = Release|Any CPU
	EndGlobalSection
	GlobalSection(SolutionProperties) = preSolution
		HideSolutionNode = FALSE
	EndGlobalSection
	GlobalSection(ExtensibilityGlobals) = postSolution
		SolutionGuid = {3CF4B314-D57B-4133-A107-252036BFB6F6}
	EndGlobalSection
EndGlobal
